
Microsoft Visual Studio Solution File, Format Version 12.00
# Visual Studio Version 17
VisualStudioVersion = 17.9.34616.47
MinimumVisualStudioVersion = 10.0.40219.1
Project("{8BC9CEB8-8B4A-11D0-8D11-00A0C91BC942}") = "Constructor_0156", "Constructor_0156\Constructor_0156.vcxproj", "{94C81E8C-85F8-4A9A-BCF3-030F7C3CD943}"
EndProject
Project("{8BC9CEB8-8B4A-11D0-8D11-00A0C91BC942}") = "constructor", "constructor\constructor.vcxproj", "{E9E559A5-8204-4C7B-965B-67C74ECF59A8}"
EndProject
Project("{8BC9CEB8-8B4A-11D0-8D11-00A0C91BC942}") = "konstruktor", "konstruktor\konstruktor.vcxproj", "{8B0961B7-D0B2-4E02-8AEC-39004A5D5085}"
EndProject
Project("{8BC9CEB8-8B4A-11D0-8D11-00A0C91BC942}") = "destructor", "destructor\destructor.vcxproj", "{FE6DB152-8FFB-4C7E-BF7A-0A664FD30D96}"
EndProject
Global
	GlobalSection(SolutionConfigurationPlatforms) = preSolution
		Debug|x64 = Debug|x64
		Debug|x86 = Debug|x86
		Release|x64 = Release|x64
		Release|x86 = Release|x86
	EndGlobalSection
	GlobalSection(ProjectConfigurationPlatforms) = postSolution
		{94C81E8C-85F8-4A9A-BCF3-030F7C3CD943}.Debug|x64.ActiveCfg = Debug|x64
		{94C81E8C-85F8-4A9A-BCF3-030F7C3CD943}.Debug|x64.Build.0 = Debug|x64
		{94C81E8C-85F8-4A9A-BCF3-030F7C3CD943}.Debug|x86.ActiveCfg = Debug|Win32
		{94C81E8C-85F8-4A9A-BCF3-030F7C3CD943}.Debug|x86.Build.0 = Debug|Win32
		{94C81E8C-85F8-4A9A-BCF3-030F7C3CD943}.Release|x64.ActiveCfg = Release|x64
		{94C81E8C-85F8-4A9A-BCF3-030F7C3CD943}.Release|x64.Build.0 = Release|x64
		{94C81E8C-85F8-4A9A-BCF3-030F7C3CD943}.Release|x86.ActiveCfg = Release|Win32
		{94C81E8C-85F8-4A9A-BCF3-030F7C3CD943}.Release|x86.Build.0 = Release|Win32
		{E9E559A5-8204-4C7B-965B-67C74ECF59A8}.Debug|x64.ActiveCfg = Debug|x64
		{E9E559A5-8204-4C7B-965B-67C74ECF59A8}.Debug|x64.Build.0 = Debug|x64
		{E9E559A5-8204-4C7B-965B-67C74ECF59A8}.Debug|x86.ActiveCfg = Debug|Win32
		{E9E559A5-8204-4C7B-965B-67C74ECF59A8}.Debug|x86.Build.0 = Debug|Win32
		{E9E559A5-8204-4C7B-965B-67C74ECF59A8}.Release|x64.ActiveCfg = Release|x64
		{E9E559A5-8204-4C7B-965B-67C74ECF59A8}.Release|x64.Build.0 = Release|x64
		{E9E559A5-8204-4C7B-965B-67C74ECF59A8}.Release|x86.ActiveCfg = Release|Win32
		{E9E559A5-8204-4C7B-965B-67C74ECF59A8}.Release|x86.Build.0 = Release|Win32
		{8B0961B7-D0B2-4E02-8AEC-39004A5D5085}.Debug|x64.ActiveCfg = Debug|x64
		{8B0961B7-D0B2-4E02-8AEC-39004A5D5085}.Debug|x64.Build.0 = Debug|x64
		{8B0961B7-D0B2-4E02-8AEC-39004A5D5085}.Debug|x86.ActiveCfg = Debug|Win32
		{8B0961B7-D0B2-4E02-8AEC-39004A5D5085}.Debug|x86.Build.0 = Debug|Win32
		{8B0961B7-D0B2-4E02-8AEC-39004A5D5085}.Release|x64.ActiveCfg = Release|x64
		{8B0961B7-D0B2-4E02-8AEC-39004A5D5085}.Release|x64.Build.0 = Release|x64
		{8B0961B7-D0B2-4E02-8AEC-39004A5D5085}.Release|x86.ActiveCfg = Release|Win32
		{8B0961B7-D0B2-4E02-8AEC-39004A5D5085}.Release|x86.Build.0 = Release|Win32
		{FE6DB152-8FFB-4C7E-BF7A-0A664FD30D96}.Debug|x64.ActiveCfg = Debug|x64
		{FE6DB152-8FFB-4C7E-BF7A-0A664FD30D96}.Debug|x64.Build.0 = Debug|x64
		{FE6DB152-8FFB-4C7E-BF7A-0A664FD30D96}.Debug|x86.ActiveCfg = Debug|Win32
		{FE6DB152-8FFB-4C7E-BF7A-0A664FD30D96}.Debug|x86.Build.0 = Debug|Win32
		{FE6DB152-8FFB-4C7E-BF7A-0A664FD30D96}.Release|x64.ActiveCfg = Release|x64
		{FE6DB152-8FFB-4C7E-BF7A-0A664FD30D96}.Release|x64.Build.0 = Release|x64
		{FE6DB152-8FFB-4C7E-BF7A-0A664FD30D96}.Release|x86.ActiveCfg = Release|Win32
		{FE6DB152-8FFB-4C7E-BF7A-0A664FD30D96}.Release|x86.Build.0 = Release|Win32
	EndGlobalSection
	GlobalSection(SolutionProperties) = preSolution
		HideSolutionNode = FALSE
	EndGlobalSection
	GlobalSection(ExtensibilityGlobals) = postSolution
		SolutionGuid = {B5317F94-28B8-4790-96FB-1A2E8BE85F77}
	EndGlobalSection
EndGlobal
